# THIS IS AN AUTOGENERATED FILE. DO NOT EDIT THIS FILE DIRECTLY.
# yarn lockfile v1


"@types/arcgis-js-api@4.18.0":
  version "4.18.0"
  resolved "https://registry.npm.taobao.org/@types/arcgis-js-api/download/@types/arcgis-js-api-4.18.0.tgz#098ab5aec2e452c13e15b1ba6a88b096bdad30d7"
  integrity sha1-CYq1rsLkUsE+FbG6aoiwlr2tMNc=

"@types/dojo@^1.9.43":
  version "1.9.43"
  resolved "https://registry.npm.taobao.org/@types/dojo/download/@types/dojo-1.9.43.tgz#14c280f1250fc452c5d8c4f62433faccb3f4fbe6"
  integrity sha1-FMKA8SUPxFLF2MT2JDP6zLP0++Y=
